
Microsoft Visual Studio Solution File, Format Version 12.00
# Visual Studio Version 17
VisualStudioVersion = 17.11.35219.272
MinimumVisualStudioVersion = 10.0.40219.1
Project("{FAE04EC0-301F-11D3-BF4B-00C04F79EFBC}") = "WpfApp1", "WpfApp1.csproj", "{E7EB133D-03AE-44D2-95D4-CFF309B518AC}"
EndProject
Global
	GlobalSection(SolutionConfigurationPlatforms) = preSolution
		Debug|Any CPU = Debug|Any CPU
		Release|Any CPU = Release|Any CPU
	EndGlobalSection
	GlobalSection(ProjectConfigurationPlatforms) = postSolution
		{E7EB133D-03AE-44D2-95D4-CFF309B518AC}.Debug|Any CPU.ActiveCfg = Debug|Any CPU
		{E7EB133D-03AE-44D2-95D4-CFF309B518AC}.Debug|Any CPU.Build.0 = Debug|Any CPU
		{E7EB133D-03AE-44D2-95D4-CFF309B518AC}.Release|Any CPU.ActiveCfg = Release|Any CPU
		{E7EB133D-03AE-44D2-95D4-CFF309B518AC}.Release|Any CPU.Build.0 = Release|Any CPU
	EndGlobalSection
	GlobalSection(SolutionProperties) = preSolution
		HideSolutionNode = FALSE
	EndGlobalSection
	GlobalSection(ExtensibilityGlobals) = postSolution
		SolutionGuid = {0A16AB03-9C6D-4F78-88EB-CA35773FFADF}
	EndGlobalSection
EndGlobal
